<?xml version="1.0" encoding="utf-8"?>
<Project ToolsVersion="4.0" xmlns="http://schemas.microsoft.com/developer/msbuild/2003">
  <ItemGroup>
    <Filter Include="소스 파일">
      <UniqueIdentifier>{4FC737F1-C7A5-4376-A066-2A32D752A2FF}</UniqueIdentifier>
      <Extensions>cpp;c;cc;cxx;c++;cppm;ixx;def;odl;idl;hpj;bat;asm;asmx</Extensions>
    </Filter>
    <Filter Include="헤더 파일">
      <UniqueIdentifier>{93995380-89BD-4b04-88EB-625FBE52EBFB}</UniqueIdentifier>
      <Extensions>h;hh;hpp;hxx;h++;hm;inl;inc;ipp;xsd</Extensions>
    </Filter>
    <Filter Include="리소스 파일">
      <UniqueIdentifier>{67DA6AB6-F800-4c08-8B7A-83BB121AAD01}</UniqueIdentifier>
      <Extensions>rc;ico;cur;bmp;dlg;rc2;rct;bin;rgs;gif;jpg;jpeg;jpe;resx;tiff;tif;png;wav;mfcribbon-ms</Extensions>
    </Filter>
    <Filter Include="GameMNG">
      <UniqueIdentifier>{89298eb0-9fe5-4da9-b4e3-0a6450618bb7}</UniqueIdentifier>
    </Filter>
    <Filter Include="SingleTon">
      <UniqueIdentifier>{39aba555-eec0-440c-adc9-db3bc676bdfa}</UniqueIdentifier>
    </Filter>
    <Filter Include="State">
      <UniqueIdentifier>{4a3eeb0b-b939-42a3-8449-6af64c221009}</UniqueIdentifier>
    </Filter>
    <Filter Include="State\MenuState">
      <UniqueIdentifier>{db6bef93-517d-4bc7-9421-f89d4afca15f}</UniqueIdentifier>
    </Filter>
    <Filter Include="State\GameState">
      <UniqueIdentifier>{68c48d44-d655-4948-9ed9-a6e4683aa8ce}</UniqueIdentifier>
    </Filter>
  </ItemGroup>
  <ItemGroup>
    <ClCompile Include="ConsoleFramework.cpp">
      <Filter>소스 파일</Filter>
    </ClCompile>
    <ClCompile Include="main.cpp">
      <Filter>소스 파일</Filter>
    </ClCompile>
    <ClCompile Include="include.h">
      <Filter>헤더 파일</Filter>
    </ClCompile>
    <ClCompile Include="GameMng.cpp">
      <Filter>GameMNG</Filter>
    </ClCompile>
    <ClCompile Include="State.cpp">
      <Filter>State</Filter>
    </ClCompile>
    <ClCompile Include="StateCtrl.cpp">
      <Filter>State</Filter>
    </ClCompile>
    <ClCompile Include="MenuState.cpp">
      <Filter>State\MenuState</Filter>
    </ClCompile>
    <ClCompile Include="GameState.cpp">
      <Filter>State\GameState</Filter>
    </ClCompile>
  </ItemGroup>
  <ItemGroup>
    <ClInclude Include="define.h">
      <Filter>헤더 파일</Filter>
    </ClInclude>
    <ClInclude Include="GameMng.h">
      <Filter>GameMNG</Filter>
    </ClInclude>
    <ClInclude Include="Singleton.h">
      <Filter>SingleTon</Filter>
    </ClInclude>
    <ClInclude Include="State.h">
      <Filter>State</Filter>
    </ClInclude>
    <ClInclude Include="StateCtrl.h">
      <Filter>State</Filter>
    </ClInclude>
    <ClInclude Include="MenuState.h">
      <Filter>State\MenuState</Filter>
    </ClInclude>
    <ClInclude Include="GameState.h">
      <Filter>State\GameState</Filter>
    </ClInclude>
  </ItemGroup>
</Project>